
Microsoft Visual Studio Solution File, Format Version 12.00
# Visual Studio Version 17
VisualStudioVersion = 17.10.34916.146
MinimumVisualStudioVersion = 10.0.40219.1
Project("{9A19103F-16F7-4668-BE54-9A1E7A4F7556}") = "Milestone2", "Milestone2\Milestone2.csproj", "{C3A8C61F-A6D5-4D0C-90F4-B61003B012EF}"
EndProject
Project("{9A19103F-16F7-4668-BE54-9A1E7A4F7556}") = "Milestone2xUnitTest", "Milestone2xUnitTest\Milestone2xUnitTest.csproj", "{54B6C90E-C591-447F-B72F-34A415B1879D}"
EndProject
Project("{9A19103F-16F7-4668-BE54-9A1E7A4F7556}") = "UVSimGUI", "UVSimGUI\UVSimGUI.csproj", "{F7C9CBBE-7034-4553-88DE-568AF310E30D}"
EndProject
Project("{9A19103F-16F7-4668-BE54-9A1E7A4F7556}") = "UVSimClassLib", "UVSimClassLib\UVSimClassLib.csproj", "{5E9C6EC3-B859-4DBB-8900-F283C770D69A}"
EndProject
Global
	GlobalSection(SolutionConfigurationPlatforms) = preSolution
		Debug|Any CPU = Debug|Any CPU
		Release|Any CPU = Release|Any CPU
	EndGlobalSection
	GlobalSection(ProjectConfigurationPlatforms) = postSolution
		{C3A8C61F-A6D5-4D0C-90F4-B61003B012EF}.Debug|Any CPU.ActiveCfg = Debug|Any CPU
		{C3A8C61F-A6D5-4D0C-90F4-B61003B012EF}.Debug|Any CPU.Build.0 = Debug|Any CPU
		{C3A8C61F-A6D5-4D0C-90F4-B61003B012EF}.Release|Any CPU.ActiveCfg = Release|Any CPU
		{C3A8C61F-A6D5-4D0C-90F4-B61003B012EF}.Release|Any CPU.Build.0 = Release|Any CPU
		{54B6C90E-C591-447F-B72F-34A415B1879D}.Debug|Any CPU.ActiveCfg = Debug|Any CPU
		{54B6C90E-C591-447F-B72F-34A415B1879D}.Debug|Any CPU.Build.0 = Debug|Any CPU
		{54B6C90E-C591-447F-B72F-34A415B1879D}.Release|Any CPU.ActiveCfg = Release|Any CPU
		{54B6C90E-C591-447F-B72F-34A415B1879D}.Release|Any CPU.Build.0 = Release|Any CPU
		{F7C9CBBE-7034-4553-88DE-568AF310E30D}.Debug|Any CPU.ActiveCfg = Debug|Any CPU
		{F7C9CBBE-7034-4553-88DE-568AF310E30D}.Debug|Any CPU.Build.0 = Debug|Any CPU
		{F7C9CBBE-7034-4553-88DE-568AF310E30D}.Debug|Any CPU.Deploy.0 = Debug|Any CPU
		{F7C9CBBE-7034-4553-88DE-568AF310E30D}.Release|Any CPU.ActiveCfg = Release|Any CPU
		{F7C9CBBE-7034-4553-88DE-568AF310E30D}.Release|Any CPU.Build.0 = Release|Any CPU
		{5E9C6EC3-B859-4DBB-8900-F283C770D69A}.Debug|Any CPU.ActiveCfg = Debug|Any CPU
		{5E9C6EC3-B859-4DBB-8900-F283C770D69A}.Debug|Any CPU.Build.0 = Debug|Any CPU
		{5E9C6EC3-B859-4DBB-8900-F283C770D69A}.Release|Any CPU.ActiveCfg = Release|Any CPU
		{5E9C6EC3-B859-4DBB-8900-F283C770D69A}.Release|Any CPU.Build.0 = Release|Any CPU
	EndGlobalSection
	GlobalSection(SolutionProperties) = preSolution
		HideSolutionNode = FALSE
	EndGlobalSection
EndGlobal
